
Microsoft Visual Studio Solution File, Format Version 12.00
# Visual Studio Version 17
VisualStudioVersion = 17.3.32922.545
MinimumVisualStudioVersion = 10.0.40219.1
Project("{FAE04EC0-301F-11D3-BF4B-00C04F79EFBC}") = "Jenkins-With-Docker", "Jenkins-With-Docker\Jenkins-With-Docker.csproj", "{4FAD0525-5E35-47F5-86B5-867B26D5AA8F}"
EndProject
Global
	GlobalSection(SolutionConfigurationPlatforms) = preSolution
		Debug|Any CPU = Debug|Any CPU
		Release|Any CPU = Release|Any CPU
	EndGlobalSection
	GlobalSection(ProjectConfigurationPlatforms) = postSolution
		{4FAD0525-5E35-47F5-86B5-867B26D5AA8F}.Debug|Any CPU.ActiveCfg = Debug|Any CPU
		{4FAD0525-5E35-47F5-86B5-867B26D5AA8F}.Debug|Any CPU.Build.0 = Debug|Any CPU
		{4FAD0525-5E35-47F5-86B5-867B26D5AA8F}.Release|Any CPU.ActiveCfg = Release|Any CPU
		{4FAD0525-5E35-47F5-86B5-867B26D5AA8F}.Release|Any CPU.Build.0 = Release|Any CPU
	EndGlobalSection
	GlobalSection(SolutionProperties) = preSolution
		HideSolutionNode = FALSE
	EndGlobalSection
	GlobalSection(ExtensibilityGlobals) = postSolution
		SolutionGuid = {FFE54008-46B6-4C79-983A-9386ED710639}
	EndGlobalSection
EndGlobal
